{
  "name": "intro-adopt-me",
  "version": "1.0.0",
  "lockfileVersion": 1,
  "requires": true,
  "dependencies": {
    "-": {
      "version": "0.0.1",
      "resolved": "https://registry.npmjs.org/-/-/--0.0.1.tgz",
      "integrity": "sha512-3HfneK3DGAm05fpyj20sT3apkNcvPpCuccOThOPdzz8sY7GgQGe0l93XH9bt+YzibcTIgUAIMoyVJI740RtgyQ=="
    },
    "D": {
      "version": "1.0.0",
      "resolved": "https://registry.npmjs.org/D/-/D-1.0.0.tgz",
      "integrity": "sha512-nQvrCBu7K2pSSEtIM0EEF03FVjcczCXInMt3moLNFbjlWx6bZrX72uT6/1uAXDbnzGUAx9gTyDiQ+vrFi663oA=="
    },
    "prettier": {
      "version": "2.4.1",
      "resolved": "https://registry.npmjs.org/prettier/-/prettier-2.4.1.tgz",
      "integrity": "sha512-9fbDAXSBcc6Bs1mZrDYb3XKzDLm4EXXL9sC1LqKP5rZkT6KRr/rf9amVUcODVXgguK/isJz0d0hP72WeaKWsvA=="
    }
  }
}
